
Microsoft Visual Studio Solution File, Format Version 12.00
# Visual Studio 2013
VisualStudioVersion = 12.0.31101.0
MinimumVisualStudioVersion = 10.0.40219.1
Project("{FAE04EC0-301F-11D3-BF4B-00C04F79EFBC}") = "Rubberduck", "RetailCoder.VBE\Rubberduck.csproj", "{20589DE8-432E-4359-9232-69EB070B7185}"
EndProject
Project("{FAE04EC0-301F-11D3-BF4B-00C04F79EFBC}") = "RubberduckTests", "RubberduckTests\RubberduckTests.csproj", "{10B55A38-F43B-47ED-8DEA-8435647DA2D5}"
EndProject
Project("{6141683F-8A12-4E36-9623-2EB02B2C2303}") = "Setup", "Setup\Setup.isproj", "{ADE5DF01-4203-4F93-9BCE-6BDC2D950068}"
	ProjectSection(ProjectDependencies) = postProject
		{20589DE8-432E-4359-9232-69EB070B7185} = {20589DE8-432E-4359-9232-69EB070B7185}
	EndProjectSection
EndProject
Global
	GlobalSection(SolutionConfigurationPlatforms) = preSolution
		CD_ROM|Any CPU = CD_ROM|Any CPU
		Debug|Any CPU = Debug|Any CPU
		DVD-5|Any CPU = DVD-5|Any CPU
		Release|Any CPU = Release|Any CPU
		SingleImage|Any CPU = SingleImage|Any CPU
	EndGlobalSection
	GlobalSection(ProjectConfigurationPlatforms) = postSolution
		{20589DE8-432E-4359-9232-69EB070B7185}.CD_ROM|Any CPU.ActiveCfg = Release|Any CPU
		{20589DE8-432E-4359-9232-69EB070B7185}.CD_ROM|Any CPU.Build.0 = Release|Any CPU
		{20589DE8-432E-4359-9232-69EB070B7185}.Debug|Any CPU.ActiveCfg = Debug|Any CPU
		{20589DE8-432E-4359-9232-69EB070B7185}.Debug|Any CPU.Build.0 = Debug|Any CPU
		{20589DE8-432E-4359-9232-69EB070B7185}.DVD-5|Any CPU.ActiveCfg = Debug|Any CPU
		{20589DE8-432E-4359-9232-69EB070B7185}.DVD-5|Any CPU.Build.0 = Debug|Any CPU
		{20589DE8-432E-4359-9232-69EB070B7185}.Release|Any CPU.ActiveCfg = Release|Any CPU
		{20589DE8-432E-4359-9232-69EB070B7185}.Release|Any CPU.Build.0 = Release|Any CPU
		{20589DE8-432E-4359-9232-69EB070B7185}.SingleImage|Any CPU.ActiveCfg = Release|Any CPU
		{20589DE8-432E-4359-9232-69EB070B7185}.SingleImage|Any CPU.Build.0 = Release|Any CPU
		{10B55A38-F43B-47ED-8DEA-8435647DA2D5}.CD_ROM|Any CPU.ActiveCfg = Release|Any CPU
		{10B55A38-F43B-47ED-8DEA-8435647DA2D5}.CD_ROM|Any CPU.Build.0 = Release|Any CPU
		{10B55A38-F43B-47ED-8DEA-8435647DA2D5}.Debug|Any CPU.ActiveCfg = Debug|Any CPU
		{10B55A38-F43B-47ED-8DEA-8435647DA2D5}.Debug|Any CPU.Build.0 = Debug|Any CPU
		{10B55A38-F43B-47ED-8DEA-8435647DA2D5}.DVD-5|Any CPU.ActiveCfg = Debug|Any CPU
		{10B55A38-F43B-47ED-8DEA-8435647DA2D5}.DVD-5|Any CPU.Build.0 = Debug|Any CPU
		{10B55A38-F43B-47ED-8DEA-8435647DA2D5}.Release|Any CPU.ActiveCfg = Release|Any CPU
		{10B55A38-F43B-47ED-8DEA-8435647DA2D5}.SingleImage|Any CPU.ActiveCfg = Release|Any CPU
		{10B55A38-F43B-47ED-8DEA-8435647DA2D5}.SingleImage|Any CPU.Build.0 = Release|Any CPU
		{ADE5DF01-4203-4F93-9BCE-6BDC2D950068}.CD_ROM|Any CPU.ActiveCfg = CD_ROM
		{ADE5DF01-4203-4F93-9BCE-6BDC2D950068}.CD_ROM|Any CPU.Build.0 = CD_ROM
		{ADE5DF01-4203-4F93-9BCE-6BDC2D950068}.Debug|Any CPU.ActiveCfg = SingleImage
		{ADE5DF01-4203-4F93-9BCE-6BDC2D950068}.Debug|Any CPU.Build.0 = SingleImage
		{ADE5DF01-4203-4F93-9BCE-6BDC2D950068}.DVD-5|Any CPU.ActiveCfg = DVD-5
		{ADE5DF01-4203-4F93-9BCE-6BDC2D950068}.DVD-5|Any CPU.Build.0 = DVD-5
		{ADE5DF01-4203-4F93-9BCE-6BDC2D950068}.Release|Any CPU.ActiveCfg = SingleImage
		{ADE5DF01-4203-4F93-9BCE-6BDC2D950068}.Release|Any CPU.Build.0 = SingleImage
		{ADE5DF01-4203-4F93-9BCE-6BDC2D950068}.Release|Any CPU.Deploy.0 = SingleImage
		{ADE5DF01-4203-4F93-9BCE-6BDC2D950068}.SingleImage|Any CPU.ActiveCfg = SingleImage
		{ADE5DF01-4203-4F93-9BCE-6BDC2D950068}.SingleImage|Any CPU.Build.0 = SingleImage
	EndGlobalSection
	GlobalSection(SolutionProperties) = preSolution
		HideSolutionNode = FALSE
	EndGlobalSection
EndGlobal
