
Microsoft Visual Studio Solution File, Format Version 12.00
# Visual Studio 2013
VisualStudioVersion = 12.0.31101.0
MinimumVisualStudioVersion = 10.0.40219.1
Project("{FAE04EC0-301F-11D3-BF4B-00C04F79EFBC}") = "Rubberduck", "RetailCoder.VBE\Rubberduck.csproj", "{20589DE8-432E-4359-9232-69EB070B7185}"
EndProject
Project("{FAE04EC0-301F-11D3-BF4B-00C04F79EFBC}") = "RubberduckTests", "RubberduckTests\RubberduckTests.csproj", "{10B55A38-F43B-47ED-8DEA-8435647DA2D5}"
EndProject
Project("{6141683F-8A12-4E36-9623-2EB02B2C2303}") = "Rubberduck.Setup64", "Rubberduck.Setup64\Rubberduck.Setup64.isproj", "{4CFB56F5-C49F-4C31-9D0C-50155DFB7225}"
	ProjectSection(ProjectDependencies) = postProject
		{20589DE8-432E-4359-9232-69EB070B7185} = {20589DE8-432E-4359-9232-69EB070B7185}
	EndProjectSection
EndProject
Project("{6141683F-8A12-4E36-9623-2EB02B2C2303}") = "Rubberduck.Setup32", "Setup\Rubberduck.Setup32.isproj", "{D3DF5AEE-833E-42D5-A604-FE49B17452FD}"
	ProjectSection(ProjectDependencies) = postProject
		{20589DE8-432E-4359-9232-69EB070B7185} = {20589DE8-432E-4359-9232-69EB070B7185}
	EndProjectSection
EndProject
Project("{FAE04EC0-301F-11D3-BF4B-00C04F79EFBC}") = "Rubberduck.Parsing", "Rubberduck.Parsing\Rubberduck.Parsing.csproj", "{A4A618E1-CBCA-435F-9C6C-5181E030ADFC}"
EndProject
Project("{2150E333-8FDC-42A3-9474-1A3956D46DE8}") = "Solution Items", "Solution Items", "{07952BD8-646C-4494-965C-E80F3CDE3485}"
	ProjectSection(SolutionItems) = preProject
		Performance1.psess = Performance1.psess
	EndProjectSection
EndProject
Global
	GlobalSection(SolutionConfigurationPlatforms) = preSolution
		CD_ROM|Any CPU = CD_ROM|Any CPU
		CD_ROM|x64 = CD_ROM|x64
		CD_ROM|x86 = CD_ROM|x86
		Debug|Any CPU = Debug|Any CPU
		Debug|x64 = Debug|x64
		Debug|x86 = Debug|x86
		Debug64|Any CPU = Debug64|Any CPU
		Debug64|x64 = Debug64|x64
		Debug64|x86 = Debug64|x86
		DebugAccess|Any CPU = DebugAccess|Any CPU
		DebugAccess|x64 = DebugAccess|x64
		DebugAccess|x86 = DebugAccess|x86
		DVD-5|Any CPU = DVD-5|Any CPU
		DVD-5|x64 = DVD-5|x64
		DVD-5|x86 = DVD-5|x86
		Release|Any CPU = Release|Any CPU
		Release|x64 = Release|x64
		Release|x86 = Release|x86
		Release64|Any CPU = Release64|Any CPU
		Release64|x64 = Release64|x64
		Release64|x86 = Release64|x86
		SingleImage|Any CPU = SingleImage|Any CPU
		SingleImage|x64 = SingleImage|x64
		SingleImage|x86 = SingleImage|x86
	EndGlobalSection
	GlobalSection(ProjectConfigurationPlatforms) = postSolution
		{20589DE8-432E-4359-9232-69EB070B7185}.CD_ROM|Any CPU.ActiveCfg = Release64|Any CPU
		{20589DE8-432E-4359-9232-69EB070B7185}.CD_ROM|Any CPU.Build.0 = Release64|Any CPU
		{20589DE8-432E-4359-9232-69EB070B7185}.CD_ROM|x64.ActiveCfg = Release64|x64
		{20589DE8-432E-4359-9232-69EB070B7185}.CD_ROM|x64.Build.0 = Release64|x64
		{20589DE8-432E-4359-9232-69EB070B7185}.CD_ROM|x86.ActiveCfg = Release64|x86
		{20589DE8-432E-4359-9232-69EB070B7185}.CD_ROM|x86.Build.0 = Release64|x86
		{20589DE8-432E-4359-9232-69EB070B7185}.Debug|Any CPU.ActiveCfg = Debug|Any CPU
		{20589DE8-432E-4359-9232-69EB070B7185}.Debug|Any CPU.Build.0 = Debug|Any CPU
		{20589DE8-432E-4359-9232-69EB070B7185}.Debug|x64.ActiveCfg = Debug|x64
		{20589DE8-432E-4359-9232-69EB070B7185}.Debug|x64.Build.0 = Debug|x64
		{20589DE8-432E-4359-9232-69EB070B7185}.Debug|x86.ActiveCfg = Debug|x86
		{20589DE8-432E-4359-9232-69EB070B7185}.Debug|x86.Build.0 = Debug|x86
		{20589DE8-432E-4359-9232-69EB070B7185}.Debug64|Any CPU.ActiveCfg = Debug64|Any CPU
		{20589DE8-432E-4359-9232-69EB070B7185}.Debug64|Any CPU.Build.0 = Debug64|Any CPU
		{20589DE8-432E-4359-9232-69EB070B7185}.Debug64|x64.ActiveCfg = Debug64|x64
		{20589DE8-432E-4359-9232-69EB070B7185}.Debug64|x64.Build.0 = Debug64|x64
		{20589DE8-432E-4359-9232-69EB070B7185}.Debug64|x86.ActiveCfg = Debug64|x86
		{20589DE8-432E-4359-9232-69EB070B7185}.Debug64|x86.Build.0 = Debug64|x86
		{20589DE8-432E-4359-9232-69EB070B7185}.DebugAccess|Any CPU.ActiveCfg = DebugAccess|Any CPU
		{20589DE8-432E-4359-9232-69EB070B7185}.DebugAccess|Any CPU.Build.0 = DebugAccess|Any CPU
		{20589DE8-432E-4359-9232-69EB070B7185}.DebugAccess|x64.ActiveCfg = DebugAccess|x64
		{20589DE8-432E-4359-9232-69EB070B7185}.DebugAccess|x64.Build.0 = DebugAccess|x64
		{20589DE8-432E-4359-9232-69EB070B7185}.DebugAccess|x86.ActiveCfg = DebugAccess|x86
		{20589DE8-432E-4359-9232-69EB070B7185}.DebugAccess|x86.Build.0 = DebugAccess|x86
		{20589DE8-432E-4359-9232-69EB070B7185}.DVD-5|Any CPU.ActiveCfg = Debug64|Any CPU
		{20589DE8-432E-4359-9232-69EB070B7185}.DVD-5|Any CPU.Build.0 = Debug64|Any CPU
		{20589DE8-432E-4359-9232-69EB070B7185}.DVD-5|x64.ActiveCfg = Debug64|x64
		{20589DE8-432E-4359-9232-69EB070B7185}.DVD-5|x64.Build.0 = Debug64|x64
		{20589DE8-432E-4359-9232-69EB070B7185}.DVD-5|x86.ActiveCfg = Debug64|x86
		{20589DE8-432E-4359-9232-69EB070B7185}.DVD-5|x86.Build.0 = Debug64|x86
		{20589DE8-432E-4359-9232-69EB070B7185}.Release|Any CPU.ActiveCfg = Release|Any CPU
		{20589DE8-432E-4359-9232-69EB070B7185}.Release|Any CPU.Build.0 = Release|Any CPU
		{20589DE8-432E-4359-9232-69EB070B7185}.Release|x64.ActiveCfg = Release|x64
		{20589DE8-432E-4359-9232-69EB070B7185}.Release|x64.Build.0 = Release|x64
		{20589DE8-432E-4359-9232-69EB070B7185}.Release|x86.ActiveCfg = Release|x86
		{20589DE8-432E-4359-9232-69EB070B7185}.Release|x86.Build.0 = Release|x86
		{20589DE8-432E-4359-9232-69EB070B7185}.Release64|Any CPU.ActiveCfg = Release64|Any CPU
		{20589DE8-432E-4359-9232-69EB070B7185}.Release64|Any CPU.Build.0 = Release64|Any CPU
		{20589DE8-432E-4359-9232-69EB070B7185}.Release64|x64.ActiveCfg = Debug64|Any CPU
		{20589DE8-432E-4359-9232-69EB070B7185}.Release64|x86.ActiveCfg = Release64|x86
		{20589DE8-432E-4359-9232-69EB070B7185}.Release64|x86.Build.0 = Release64|x86
		{20589DE8-432E-4359-9232-69EB070B7185}.SingleImage|Any CPU.ActiveCfg = Release|Any CPU
		{20589DE8-432E-4359-9232-69EB070B7185}.SingleImage|Any CPU.Build.0 = Release|Any CPU
		{20589DE8-432E-4359-9232-69EB070B7185}.SingleImage|x64.ActiveCfg = DebugAccess|x64
		{20589DE8-432E-4359-9232-69EB070B7185}.SingleImage|x64.Build.0 = DebugAccess|x64
		{20589DE8-432E-4359-9232-69EB070B7185}.SingleImage|x86.ActiveCfg = DebugAccess|x86
		{20589DE8-432E-4359-9232-69EB070B7185}.SingleImage|x86.Build.0 = DebugAccess|x86
		{10B55A38-F43B-47ED-8DEA-8435647DA2D5}.CD_ROM|Any CPU.ActiveCfg = Release64|Any CPU
		{10B55A38-F43B-47ED-8DEA-8435647DA2D5}.CD_ROM|Any CPU.Build.0 = Release64|Any CPU
		{10B55A38-F43B-47ED-8DEA-8435647DA2D5}.CD_ROM|x64.ActiveCfg = Release64|x64
		{10B55A38-F43B-47ED-8DEA-8435647DA2D5}.CD_ROM|x64.Build.0 = Release64|x64
		{10B55A38-F43B-47ED-8DEA-8435647DA2D5}.CD_ROM|x86.ActiveCfg = Release64|x86
		{10B55A38-F43B-47ED-8DEA-8435647DA2D5}.CD_ROM|x86.Build.0 = Release64|x86
		{10B55A38-F43B-47ED-8DEA-8435647DA2D5}.Debug|Any CPU.ActiveCfg = Debug|Any CPU
		{10B55A38-F43B-47ED-8DEA-8435647DA2D5}.Debug|x64.ActiveCfg = Debug|x64
		{10B55A38-F43B-47ED-8DEA-8435647DA2D5}.Debug|x86.ActiveCfg = Debug|x86
		{10B55A38-F43B-47ED-8DEA-8435647DA2D5}.Debug64|Any CPU.ActiveCfg = Debug|Any CPU
		{10B55A38-F43B-47ED-8DEA-8435647DA2D5}.Debug64|x64.ActiveCfg = Debug|x64
		{10B55A38-F43B-47ED-8DEA-8435647DA2D5}.Debug64|x64.Build.0 = Debug|x64
		{10B55A38-F43B-47ED-8DEA-8435647DA2D5}.Debug64|x86.ActiveCfg = Debug|x86
		{10B55A38-F43B-47ED-8DEA-8435647DA2D5}.Debug64|x86.Build.0 = Debug|x86
		{10B55A38-F43B-47ED-8DEA-8435647DA2D5}.DebugAccess|Any CPU.ActiveCfg = DebugAccess|Any CPU
		{10B55A38-F43B-47ED-8DEA-8435647DA2D5}.DebugAccess|Any CPU.Build.0 = DebugAccess|Any CPU
		{10B55A38-F43B-47ED-8DEA-8435647DA2D5}.DebugAccess|x64.ActiveCfg = DebugAccess|x64
		{10B55A38-F43B-47ED-8DEA-8435647DA2D5}.DebugAccess|x86.ActiveCfg = DebugAccess|x86
		{10B55A38-F43B-47ED-8DEA-8435647DA2D5}.DVD-5|Any CPU.ActiveCfg = DebugAccess|Any CPU
		{10B55A38-F43B-47ED-8DEA-8435647DA2D5}.DVD-5|Any CPU.Build.0 = DebugAccess|Any CPU
		{10B55A38-F43B-47ED-8DEA-8435647DA2D5}.DVD-5|x64.ActiveCfg = Debug|x64
		{10B55A38-F43B-47ED-8DEA-8435647DA2D5}.DVD-5|x64.Build.0 = Debug|x64
		{10B55A38-F43B-47ED-8DEA-8435647DA2D5}.DVD-5|x86.ActiveCfg = Debug|x86
		{10B55A38-F43B-47ED-8DEA-8435647DA2D5}.DVD-5|x86.Build.0 = Debug|x86
		{10B55A38-F43B-47ED-8DEA-8435647DA2D5}.Release|Any CPU.ActiveCfg = Release|Any CPU
		{10B55A38-F43B-47ED-8DEA-8435647DA2D5}.Release|x64.ActiveCfg = Release|x64
		{10B55A38-F43B-47ED-8DEA-8435647DA2D5}.Release|x86.ActiveCfg = Release|x86
		{10B55A38-F43B-47ED-8DEA-8435647DA2D5}.Release64|Any CPU.ActiveCfg = Release64|Any CPU
		{10B55A38-F43B-47ED-8DEA-8435647DA2D5}.Release64|x64.ActiveCfg = Release64|x64
		{10B55A38-F43B-47ED-8DEA-8435647DA2D5}.Release64|x86.ActiveCfg = Release64|x86
		{10B55A38-F43B-47ED-8DEA-8435647DA2D5}.SingleImage|Any CPU.ActiveCfg = Release|Any CPU
		{10B55A38-F43B-47ED-8DEA-8435647DA2D5}.SingleImage|Any CPU.Build.0 = Release|Any CPU
		{10B55A38-F43B-47ED-8DEA-8435647DA2D5}.SingleImage|x64.ActiveCfg = DebugAccess|x64
		{10B55A38-F43B-47ED-8DEA-8435647DA2D5}.SingleImage|x64.Build.0 = DebugAccess|x64
		{10B55A38-F43B-47ED-8DEA-8435647DA2D5}.SingleImage|x86.ActiveCfg = DebugAccess|x86
		{10B55A38-F43B-47ED-8DEA-8435647DA2D5}.SingleImage|x86.Build.0 = DebugAccess|x86
		{4CFB56F5-C49F-4C31-9D0C-50155DFB7225}.CD_ROM|Any CPU.ActiveCfg = CD_ROM
		{4CFB56F5-C49F-4C31-9D0C-50155DFB7225}.CD_ROM|Any CPU.Build.0 = CD_ROM
		{4CFB56F5-C49F-4C31-9D0C-50155DFB7225}.CD_ROM|x64.ActiveCfg = CD_ROM
		{4CFB56F5-C49F-4C31-9D0C-50155DFB7225}.CD_ROM|x64.Build.0 = CD_ROM
		{4CFB56F5-C49F-4C31-9D0C-50155DFB7225}.CD_ROM|x86.ActiveCfg = CD_ROM
		{4CFB56F5-C49F-4C31-9D0C-50155DFB7225}.CD_ROM|x86.Build.0 = CD_ROM
		{4CFB56F5-C49F-4C31-9D0C-50155DFB7225}.Debug|Any CPU.ActiveCfg = SingleImage
		{4CFB56F5-C49F-4C31-9D0C-50155DFB7225}.Debug|x64.ActiveCfg = DVD-5
		{4CFB56F5-C49F-4C31-9D0C-50155DFB7225}.Debug|x64.Build.0 = DVD-5
		{4CFB56F5-C49F-4C31-9D0C-50155DFB7225}.Debug|x86.ActiveCfg = DVD-5
		{4CFB56F5-C49F-4C31-9D0C-50155DFB7225}.Debug|x86.Build.0 = DVD-5
		{4CFB56F5-C49F-4C31-9D0C-50155DFB7225}.Debug64|Any CPU.ActiveCfg = SingleImage
		{4CFB56F5-C49F-4C31-9D0C-50155DFB7225}.Debug64|x64.ActiveCfg = DVD-5
		{4CFB56F5-C49F-4C31-9D0C-50155DFB7225}.Debug64|x64.Build.0 = DVD-5
		{4CFB56F5-C49F-4C31-9D0C-50155DFB7225}.Debug64|x86.ActiveCfg = DVD-5
		{4CFB56F5-C49F-4C31-9D0C-50155DFB7225}.Debug64|x86.Build.0 = DVD-5
		{4CFB56F5-C49F-4C31-9D0C-50155DFB7225}.DebugAccess|Any CPU.ActiveCfg = DVD-5
		{4CFB56F5-C49F-4C31-9D0C-50155DFB7225}.DebugAccess|Any CPU.Build.0 = DVD-5
		{4CFB56F5-C49F-4C31-9D0C-50155DFB7225}.DebugAccess|x64.ActiveCfg = DVD-5
		{4CFB56F5-C49F-4C31-9D0C-50155DFB7225}.DebugAccess|x64.Build.0 = DVD-5
		{4CFB56F5-C49F-4C31-9D0C-50155DFB7225}.DebugAccess|x86.ActiveCfg = DVD-5
		{4CFB56F5-C49F-4C31-9D0C-50155DFB7225}.DebugAccess|x86.Build.0 = DVD-5
		{4CFB56F5-C49F-4C31-9D0C-50155DFB7225}.DVD-5|Any CPU.ActiveCfg = DVD-5
		{4CFB56F5-C49F-4C31-9D0C-50155DFB7225}.DVD-5|Any CPU.Build.0 = DVD-5
		{4CFB56F5-C49F-4C31-9D0C-50155DFB7225}.DVD-5|x64.ActiveCfg = DVD-5
		{4CFB56F5-C49F-4C31-9D0C-50155DFB7225}.DVD-5|x64.Build.0 = DVD-5
		{4CFB56F5-C49F-4C31-9D0C-50155DFB7225}.DVD-5|x86.ActiveCfg = DVD-5
		{4CFB56F5-C49F-4C31-9D0C-50155DFB7225}.DVD-5|x86.Build.0 = DVD-5
		{4CFB56F5-C49F-4C31-9D0C-50155DFB7225}.Release|Any CPU.ActiveCfg = SingleImage
		{4CFB56F5-C49F-4C31-9D0C-50155DFB7225}.Release|x64.ActiveCfg = SingleImage
		{4CFB56F5-C49F-4C31-9D0C-50155DFB7225}.Release|x64.Build.0 = SingleImage
		{4CFB56F5-C49F-4C31-9D0C-50155DFB7225}.Release|x86.ActiveCfg = SingleImage
		{4CFB56F5-C49F-4C31-9D0C-50155DFB7225}.Release|x86.Build.0 = SingleImage
		{4CFB56F5-C49F-4C31-9D0C-50155DFB7225}.Release64|Any CPU.ActiveCfg = SingleImage
		{4CFB56F5-C49F-4C31-9D0C-50155DFB7225}.Release64|Any CPU.Build.0 = SingleImage
		{4CFB56F5-C49F-4C31-9D0C-50155DFB7225}.Release64|x64.ActiveCfg = SingleImage
		{4CFB56F5-C49F-4C31-9D0C-50155DFB7225}.Release64|x86.ActiveCfg = SingleImage
		{4CFB56F5-C49F-4C31-9D0C-50155DFB7225}.Release64|x86.Build.0 = SingleImage
		{4CFB56F5-C49F-4C31-9D0C-50155DFB7225}.SingleImage|Any CPU.ActiveCfg = SingleImage
		{4CFB56F5-C49F-4C31-9D0C-50155DFB7225}.SingleImage|Any CPU.Build.0 = SingleImage
		{4CFB56F5-C49F-4C31-9D0C-50155DFB7225}.SingleImage|x64.ActiveCfg = SingleImage
		{4CFB56F5-C49F-4C31-9D0C-50155DFB7225}.SingleImage|x64.Build.0 = SingleImage
		{4CFB56F5-C49F-4C31-9D0C-50155DFB7225}.SingleImage|x86.ActiveCfg = SingleImage
		{4CFB56F5-C49F-4C31-9D0C-50155DFB7225}.SingleImage|x86.Build.0 = SingleImage
		{D3DF5AEE-833E-42D5-A604-FE49B17452FD}.CD_ROM|Any CPU.ActiveCfg = CD_ROM
		{D3DF5AEE-833E-42D5-A604-FE49B17452FD}.CD_ROM|Any CPU.Build.0 = CD_ROM
		{D3DF5AEE-833E-42D5-A604-FE49B17452FD}.CD_ROM|x64.ActiveCfg = CD_ROM
		{D3DF5AEE-833E-42D5-A604-FE49B17452FD}.CD_ROM|x64.Build.0 = CD_ROM
		{D3DF5AEE-833E-42D5-A604-FE49B17452FD}.CD_ROM|x86.ActiveCfg = CD_ROM
		{D3DF5AEE-833E-42D5-A604-FE49B17452FD}.CD_ROM|x86.Build.0 = CD_ROM
		{D3DF5AEE-833E-42D5-A604-FE49B17452FD}.Debug|Any CPU.ActiveCfg = SingleImage
		{D3DF5AEE-833E-42D5-A604-FE49B17452FD}.Debug|x64.ActiveCfg = DVD-5
		{D3DF5AEE-833E-42D5-A604-FE49B17452FD}.Debug|x64.Build.0 = DVD-5
		{D3DF5AEE-833E-42D5-A604-FE49B17452FD}.Debug|x86.ActiveCfg = DVD-5
		{D3DF5AEE-833E-42D5-A604-FE49B17452FD}.Debug|x86.Build.0 = DVD-5
		{D3DF5AEE-833E-42D5-A604-FE49B17452FD}.Debug64|Any CPU.ActiveCfg = SingleImage
		{D3DF5AEE-833E-42D5-A604-FE49B17452FD}.Debug64|x64.ActiveCfg = DVD-5
		{D3DF5AEE-833E-42D5-A604-FE49B17452FD}.Debug64|x64.Build.0 = DVD-5
		{D3DF5AEE-833E-42D5-A604-FE49B17452FD}.Debug64|x86.ActiveCfg = DVD-5
		{D3DF5AEE-833E-42D5-A604-FE49B17452FD}.Debug64|x86.Build.0 = DVD-5
		{D3DF5AEE-833E-42D5-A604-FE49B17452FD}.DebugAccess|Any CPU.ActiveCfg = DVD-5
		{D3DF5AEE-833E-42D5-A604-FE49B17452FD}.DebugAccess|Any CPU.Build.0 = DVD-5
		{D3DF5AEE-833E-42D5-A604-FE49B17452FD}.DebugAccess|x64.ActiveCfg = DVD-5
		{D3DF5AEE-833E-42D5-A604-FE49B17452FD}.DebugAccess|x64.Build.0 = DVD-5
		{D3DF5AEE-833E-42D5-A604-FE49B17452FD}.DebugAccess|x86.ActiveCfg = DVD-5
		{D3DF5AEE-833E-42D5-A604-FE49B17452FD}.DebugAccess|x86.Build.0 = DVD-5
		{D3DF5AEE-833E-42D5-A604-FE49B17452FD}.DVD-5|Any CPU.ActiveCfg = DVD-5
		{D3DF5AEE-833E-42D5-A604-FE49B17452FD}.DVD-5|Any CPU.Build.0 = DVD-5
		{D3DF5AEE-833E-42D5-A604-FE49B17452FD}.DVD-5|x64.ActiveCfg = DVD-5
		{D3DF5AEE-833E-42D5-A604-FE49B17452FD}.DVD-5|x64.Build.0 = DVD-5
		{D3DF5AEE-833E-42D5-A604-FE49B17452FD}.DVD-5|x86.ActiveCfg = DVD-5
		{D3DF5AEE-833E-42D5-A604-FE49B17452FD}.DVD-5|x86.Build.0 = DVD-5
		{D3DF5AEE-833E-42D5-A604-FE49B17452FD}.Release|Any CPU.ActiveCfg = SingleImage
		{D3DF5AEE-833E-42D5-A604-FE49B17452FD}.Release|Any CPU.Build.0 = SingleImage
		{D3DF5AEE-833E-42D5-A604-FE49B17452FD}.Release|x64.ActiveCfg = SingleImage
		{D3DF5AEE-833E-42D5-A604-FE49B17452FD}.Release|x64.Build.0 = SingleImage
		{D3DF5AEE-833E-42D5-A604-FE49B17452FD}.Release|x86.ActiveCfg = SingleImage
		{D3DF5AEE-833E-42D5-A604-FE49B17452FD}.Release|x86.Build.0 = SingleImage
		{D3DF5AEE-833E-42D5-A604-FE49B17452FD}.Release64|Any CPU.ActiveCfg = SingleImage
		{D3DF5AEE-833E-42D5-A604-FE49B17452FD}.Release64|x64.ActiveCfg = SingleImage
		{D3DF5AEE-833E-42D5-A604-FE49B17452FD}.Release64|x86.ActiveCfg = SingleImage
		{D3DF5AEE-833E-42D5-A604-FE49B17452FD}.Release64|x86.Build.0 = SingleImage
		{D3DF5AEE-833E-42D5-A604-FE49B17452FD}.SingleImage|Any CPU.ActiveCfg = SingleImage
		{D3DF5AEE-833E-42D5-A604-FE49B17452FD}.SingleImage|Any CPU.Build.0 = SingleImage
		{D3DF5AEE-833E-42D5-A604-FE49B17452FD}.SingleImage|x64.ActiveCfg = SingleImage
		{D3DF5AEE-833E-42D5-A604-FE49B17452FD}.SingleImage|x64.Build.0 = SingleImage
		{D3DF5AEE-833E-42D5-A604-FE49B17452FD}.SingleImage|x86.ActiveCfg = SingleImage
		{D3DF5AEE-833E-42D5-A604-FE49B17452FD}.SingleImage|x86.Build.0 = SingleImage
		{A4A618E1-CBCA-435F-9C6C-5181E030ADFC}.CD_ROM|Any CPU.ActiveCfg = Release|Any CPU
		{A4A618E1-CBCA-435F-9C6C-5181E030ADFC}.CD_ROM|Any CPU.Build.0 = Release|Any CPU
		{A4A618E1-CBCA-435F-9C6C-5181E030ADFC}.CD_ROM|x64.ActiveCfg = Release|Any CPU
		{A4A618E1-CBCA-435F-9C6C-5181E030ADFC}.CD_ROM|x86.ActiveCfg = Release|Any CPU
		{A4A618E1-CBCA-435F-9C6C-5181E030ADFC}.Debug|Any CPU.ActiveCfg = Debug|Any CPU
		{A4A618E1-CBCA-435F-9C6C-5181E030ADFC}.Debug|Any CPU.Build.0 = Debug|Any CPU
		{A4A618E1-CBCA-435F-9C6C-5181E030ADFC}.Debug|x64.ActiveCfg = Debug|Any CPU
		{A4A618E1-CBCA-435F-9C6C-5181E030ADFC}.Debug|x86.ActiveCfg = Debug|Any CPU
		{A4A618E1-CBCA-435F-9C6C-5181E030ADFC}.Debug64|Any CPU.ActiveCfg = Debug|Any CPU
		{A4A618E1-CBCA-435F-9C6C-5181E030ADFC}.Debug64|Any CPU.Build.0 = Debug|Any CPU
		{A4A618E1-CBCA-435F-9C6C-5181E030ADFC}.Debug64|x64.ActiveCfg = Debug|Any CPU
		{A4A618E1-CBCA-435F-9C6C-5181E030ADFC}.Debug64|x86.ActiveCfg = Debug|Any CPU
		{A4A618E1-CBCA-435F-9C6C-5181E030ADFC}.DebugAccess|Any CPU.ActiveCfg = Debug|Any CPU
		{A4A618E1-CBCA-435F-9C6C-5181E030ADFC}.DebugAccess|Any CPU.Build.0 = Debug|Any CPU
		{A4A618E1-CBCA-435F-9C6C-5181E030ADFC}.DebugAccess|x64.ActiveCfg = Debug|Any CPU
		{A4A618E1-CBCA-435F-9C6C-5181E030ADFC}.DebugAccess|x86.ActiveCfg = Debug|Any CPU
		{A4A618E1-CBCA-435F-9C6C-5181E030ADFC}.DVD-5|Any CPU.ActiveCfg = Debug|Any CPU
		{A4A618E1-CBCA-435F-9C6C-5181E030ADFC}.DVD-5|Any CPU.Build.0 = Debug|Any CPU
		{A4A618E1-CBCA-435F-9C6C-5181E030ADFC}.DVD-5|x64.ActiveCfg = Debug|Any CPU
		{A4A618E1-CBCA-435F-9C6C-5181E030ADFC}.DVD-5|x86.ActiveCfg = Debug|Any CPU
		{A4A618E1-CBCA-435F-9C6C-5181E030ADFC}.Release|Any CPU.ActiveCfg = Release|Any CPU
		{A4A618E1-CBCA-435F-9C6C-5181E030ADFC}.Release|Any CPU.Build.0 = Release|Any CPU
		{A4A618E1-CBCA-435F-9C6C-5181E030ADFC}.Release|x64.ActiveCfg = Release|Any CPU
		{A4A618E1-CBCA-435F-9C6C-5181E030ADFC}.Release|x86.ActiveCfg = Release|Any CPU
		{A4A618E1-CBCA-435F-9C6C-5181E030ADFC}.Release64|Any CPU.ActiveCfg = Release|Any CPU
		{A4A618E1-CBCA-435F-9C6C-5181E030ADFC}.Release64|Any CPU.Build.0 = Release|Any CPU
		{A4A618E1-CBCA-435F-9C6C-5181E030ADFC}.Release64|x64.ActiveCfg = Release|Any CPU
		{A4A618E1-CBCA-435F-9C6C-5181E030ADFC}.Release64|x86.ActiveCfg = Release|Any CPU
		{A4A618E1-CBCA-435F-9C6C-5181E030ADFC}.SingleImage|Any CPU.ActiveCfg = Release|Any CPU
		{A4A618E1-CBCA-435F-9C6C-5181E030ADFC}.SingleImage|Any CPU.Build.0 = Release|Any CPU
		{A4A618E1-CBCA-435F-9C6C-5181E030ADFC}.SingleImage|x64.ActiveCfg = Release|Any CPU
		{A4A618E1-CBCA-435F-9C6C-5181E030ADFC}.SingleImage|x86.ActiveCfg = Release|Any CPU
	EndGlobalSection
	GlobalSection(SolutionProperties) = preSolution
		HideSolutionNode = FALSE
	EndGlobalSection
EndGlobal
