
Microsoft Visual Studio Solution File, Format Version 12.00
# Visual Studio 15
VisualStudioVersion = 15.0.27130.2010
MinimumVisualStudioVersion = 10.0.40219.1
Project("{9A19103F-16F7-4668-BE54-9A1E7A4F7556}") = "Rubberduck.Parsing", "Rubberduck.Parsing\Rubberduck.Parsing.csproj", "{A4A618E1-CBCA-435F-9C6C-5181E030ADFC}"
	ProjectSection(ProjectDependencies) = postProject
		{8CE35EB3-8852-4BA1-84DD-DF3F5D2967B0} = {8CE35EB3-8852-4BA1-84DD-DF3F5D2967B0}
	EndProjectSection
EndProject
Project("{2150E333-8FDC-42A3-9474-1A3956D46DE8}") = "Solution Items", "Solution Items", "{07952BD8-646C-4494-965C-E80F3CDE3485}"
	ProjectSection(SolutionItems) = preProject
		appveyor.yml = appveyor.yml
		libs\Autodesk.AutoCAD.Interop.Common.dll = libs\Autodesk.AutoCAD.Interop.Common.dll
		libs\Autodesk.AutoCAD.Interop.dll = libs\Autodesk.AutoCAD.Interop.dll
		libs\Corel.GraphicsSuite.Interop.CorelDRAW.dll = libs\Corel.GraphicsSuite.Interop.CorelDRAW.dll
		libs\Interop.VisioViewer.dll = libs\Interop.VisioViewer.dll
		libs\Microsoft.Office.Interop.Access.dll = libs\Microsoft.Office.Interop.Access.dll
		libs\Microsoft.Office.Interop.Excel.dll = libs\Microsoft.Office.Interop.Excel.dll
		libs\Microsoft.Office.Interop.Outlook.dll = libs\Microsoft.Office.Interop.Outlook.dll
		libs\Microsoft.Office.Interop.PowerPoint.dll = libs\Microsoft.Office.Interop.PowerPoint.dll
		libs\Microsoft.Office.Interop.Publisher.dll = libs\Microsoft.Office.Interop.Publisher.dll
		libs\Microsoft.Office.Interop.Word.dll = libs\Microsoft.Office.Interop.Word.dll
		libs\Microsoft.VB6.Interop.VBIDE.dll = libs\Microsoft.VB6.Interop.VBIDE.dll
		libs\Microsoft.Vbe.Interop.dll = libs\Microsoft.Vbe.Interop.dll
		libs\Office.dll = libs\Office.dll
		Performance6.psess = Performance6.psess
	EndProjectSection
EndProject
Project("{9A19103F-16F7-4668-BE54-9A1E7A4F7556}") = "Rubberduck.VBEditor", "Rubberduck.VBEEditor\Rubberduck.VBEditor.csproj", "{8CE35EB3-8852-4BA1-84DD-DF3F5D2967B0}"
EndProject
Project("{9A19103F-16F7-4668-BE54-9A1E7A4F7556}") = "Rubberduck.SmartIndenter", "Rubberduck.SmartIndenter\Rubberduck.SmartIndenter.csproj", "{B9C0BF22-4D8A-4BF4-89F9-E789C0063DEB}"
EndProject
Project("{9A19103F-16F7-4668-BE54-9A1E7A4F7556}") = "RubberduckTests", "RubberduckTests\RubberduckTests.csproj", "{ADADE971-75E3-40C4-8C19-AB7409372F2E}"
	ProjectSection(ProjectDependencies) = postProject
		{5D683117-21F1-4A01-A0C7-6AE6F30A16A7} = {5D683117-21F1-4A01-A0C7-6AE6F30A16A7}
		{D488071E-EDCB-4601-B734-1A3109ED903C} = {D488071E-EDCB-4601-B734-1A3109ED903C}
		{40CC03E3-756C-4674-AF07-384115DEAEE2} = {40CC03E3-756C-4674-AF07-384115DEAEE2}
		{4B9BD3FE-DDC8-4842-BC3D-B8EF43011F0C} = {4B9BD3FE-DDC8-4842-BC3D-B8EF43011F0C}
	EndProjectSection
EndProject
Project("{9A19103F-16F7-4668-BE54-9A1E7A4F7556}") = "Rubberduck.SettingsProvider", "Rubberduck.SettingsProvider\Rubberduck.SettingsProvider.csproj", "{E85E1253-86D6-45EE-968B-F37348D44132}"
EndProject
Project("{9A19103F-16F7-4668-BE54-9A1E7A4F7556}") = "Rubberduck.RegexAssistant", "Rubberduck.RegexAssistant\Rubberduck.RegexAssistant.csproj", "{40CC03E3-756C-4674-AF07-384115DEAEE2}"
	ProjectSection(ProjectDependencies) = postProject
		{E85E1253-86D6-45EE-968B-F37348D44132} = {E85E1253-86D6-45EE-968B-F37348D44132}
	EndProjectSection
EndProject
Project("{9A19103F-16F7-4668-BE54-9A1E7A4F7556}") = "Rubberduck.CodeAnalysis", "Rubberduck.CodeAnalysis\Rubberduck.CodeAnalysis.csproj", "{DEF2FB9D-6E62-49D6-8E26-9983AC025768}"
	ProjectSection(ProjectDependencies) = postProject
		{68F55404-32CA-4414-96B8-E284F3B1F846} = {68F55404-32CA-4414-96B8-E284F3B1F846}
	EndProjectSection
EndProject
Project("{9A19103F-16F7-4668-BE54-9A1E7A4F7556}") = "Rubberduck.Main", "Rubberduck.Main\Rubberduck.Main.csproj", "{E8AB5D93-2D0F-423D-BC15-5EE118673E48}"
	ProjectSection(ProjectDependencies) = postProject
		{B9C0BF22-4D8A-4BF4-89F9-E789C0063DEB} = {B9C0BF22-4D8A-4BF4-89F9-E789C0063DEB}
		{E85E1253-86D6-45EE-968B-F37348D44132} = {E85E1253-86D6-45EE-968B-F37348D44132}
		{8CE35EB3-8852-4BA1-84DD-DF3F5D2967B0} = {8CE35EB3-8852-4BA1-84DD-DF3F5D2967B0}
		{A4A618E1-CBCA-435F-9C6C-5181E030ADFC} = {A4A618E1-CBCA-435F-9C6C-5181E030ADFC}
		{40CC03E3-756C-4674-AF07-384115DEAEE2} = {40CC03E3-756C-4674-AF07-384115DEAEE2}
	EndProjectSection
EndProject
Project("{9A19103F-16F7-4668-BE54-9A1E7A4F7556}") = "Rubberduck.Core", "Rubberduck.Core\Rubberduck.Core.csproj", "{A1587EAC-7B54-407E-853F-4C7493D0323E}"
EndProject
Project("{9A19103F-16F7-4668-BE54-9A1E7A4F7556}") = "Rubberduck.Deployment", "Rubberduck.Deployment\Rubberduck.Deployment.csproj", "{4B9BD3FE-DDC8-4842-BC3D-B8EF43011F0C}"
	ProjectSection(ProjectDependencies) = postProject
		{68F55404-32CA-4414-96B8-E284F3B1F846} = {68F55404-32CA-4414-96B8-E284F3B1F846}
		{D4B6A510-14E1-420A-A8D5-6A09890FD7D8} = {D4B6A510-14E1-420A-A8D5-6A09890FD7D8}
		{5D683117-21F1-4A01-A0C7-6AE6F30A16A7} = {5D683117-21F1-4A01-A0C7-6AE6F30A16A7}
		{D488071E-EDCB-4601-B734-1A3109ED903C} = {D488071E-EDCB-4601-B734-1A3109ED903C}
		{1B84B387-F7C4-4876-9BDF-C644C365359A} = {1B84B387-F7C4-4876-9BDF-C644C365359A}
		{DEF2FB9D-6E62-49D6-8E26-9983AC025768} = {DEF2FB9D-6E62-49D6-8E26-9983AC025768}
		{AC54B7FB-170D-4DA6-A30B-8CAD182F0E6B} = {AC54B7FB-170D-4DA6-A30B-8CAD182F0E6B}
	EndProjectSection
EndProject
Project("{9A19103F-16F7-4668-BE54-9A1E7A4F7556}") = "Rubberduck.VBEditor.VB6", "Rubberduck.VBEditor.VB6\Rubberduck.VBEditor.VB6.csproj", "{5D683117-21F1-4A01-A0C7-6AE6F30A16A7}"
EndProject
Project("{9A19103F-16F7-4668-BE54-9A1E7A4F7556}") = "Rubberduck.VBEditor.VBA", "Rubberduck.VBEditor.VBA\Rubberduck.VBEditor.VBA.csproj", "{D488071E-EDCB-4601-B734-1A3109ED903C}"
EndProject
Project("{9A19103F-16F7-4668-BE54-9A1E7A4F7556}") = "Rubberduck.Resources", "Rubberduck.Resources\Rubberduck.Resources.csproj", "{1B84B387-F7C4-4876-9BDF-C644C365359A}"
EndProject
Project("{9A19103F-16F7-4668-BE54-9A1E7A4F7556}") = "Rubberduck.Refactorings", "Rubberduck.Refactorings\Rubberduck.Refactorings.csproj", "{D4B6A510-14E1-420A-A8D5-6A09890FD7D8}"
EndProject
Project("{9A19103F-16F7-4668-BE54-9A1E7A4F7556}") = "Rubberduck.Interaction", "Rubberduck.Interaction\Rubberduck.Interaction.csproj", "{AC54B7FB-170D-4DA6-A30B-8CAD182F0E6B}"
EndProject
Project("{9A19103F-16F7-4668-BE54-9A1E7A4F7556}") = "Rubberduck.UnitTesting", "Rubberduck.UnitTesting\Rubberduck.UnitTesting.csproj", "{68F55404-32CA-4414-96B8-E284F3B1F846}"
EndProject
Project("{9A19103F-16F7-4668-BE54-9A1E7A4F7556}") = "Rubberduck.JunkDrawer", "Rubberduck.JunkDrawer\Rubberduck.JunkDrawer.csproj", "{D7A3F7A3-BD90-4845-B098-AC3AFBF0E16F}"
EndProject
Global
	GlobalSection(SolutionConfigurationPlatforms) = preSolution
		Debug|Any CPU = Debug|Any CPU
		Debug|x64 = Debug|x64
		Debug|x86 = Debug|x86
		Release|Any CPU = Release|Any CPU
		Release|x64 = Release|x64
		Release|x86 = Release|x86
	EndGlobalSection
	GlobalSection(ProjectConfigurationPlatforms) = postSolution
		{A4A618E1-CBCA-435F-9C6C-5181E030ADFC}.Debug|Any CPU.ActiveCfg = Debug|Any CPU
		{A4A618E1-CBCA-435F-9C6C-5181E030ADFC}.Debug|Any CPU.Build.0 = Debug|Any CPU
		{A4A618E1-CBCA-435F-9C6C-5181E030ADFC}.Debug|x64.ActiveCfg = Debug|Any CPU
		{A4A618E1-CBCA-435F-9C6C-5181E030ADFC}.Debug|x86.ActiveCfg = Debug|Any CPU
		{A4A618E1-CBCA-435F-9C6C-5181E030ADFC}.Release|Any CPU.ActiveCfg = Release|Any CPU
		{A4A618E1-CBCA-435F-9C6C-5181E030ADFC}.Release|Any CPU.Build.0 = Release|Any CPU
		{A4A618E1-CBCA-435F-9C6C-5181E030ADFC}.Release|x64.ActiveCfg = Release|Any CPU
		{A4A618E1-CBCA-435F-9C6C-5181E030ADFC}.Release|x86.ActiveCfg = Release|Any CPU
		{8CE35EB3-8852-4BA1-84DD-DF3F5D2967B0}.Debug|Any CPU.ActiveCfg = Debug|Any CPU
		{8CE35EB3-8852-4BA1-84DD-DF3F5D2967B0}.Debug|Any CPU.Build.0 = Debug|Any CPU
		{8CE35EB3-8852-4BA1-84DD-DF3F5D2967B0}.Debug|x64.ActiveCfg = Debug|Any CPU
		{8CE35EB3-8852-4BA1-84DD-DF3F5D2967B0}.Debug|x86.ActiveCfg = Debug|Any CPU
		{8CE35EB3-8852-4BA1-84DD-DF3F5D2967B0}.Release|Any CPU.ActiveCfg = Release|Any CPU
		{8CE35EB3-8852-4BA1-84DD-DF3F5D2967B0}.Release|Any CPU.Build.0 = Release|Any CPU
		{8CE35EB3-8852-4BA1-84DD-DF3F5D2967B0}.Release|x64.ActiveCfg = Release|Any CPU
		{8CE35EB3-8852-4BA1-84DD-DF3F5D2967B0}.Release|x86.ActiveCfg = Release|Any CPU
		{B9C0BF22-4D8A-4BF4-89F9-E789C0063DEB}.Debug|Any CPU.ActiveCfg = Debug|Any CPU
		{B9C0BF22-4D8A-4BF4-89F9-E789C0063DEB}.Debug|Any CPU.Build.0 = Debug|Any CPU
		{B9C0BF22-4D8A-4BF4-89F9-E789C0063DEB}.Debug|x64.ActiveCfg = Debug|Any CPU
		{B9C0BF22-4D8A-4BF4-89F9-E789C0063DEB}.Debug|x86.ActiveCfg = Debug|Any CPU
		{B9C0BF22-4D8A-4BF4-89F9-E789C0063DEB}.Release|Any CPU.ActiveCfg = Release|Any CPU
		{B9C0BF22-4D8A-4BF4-89F9-E789C0063DEB}.Release|Any CPU.Build.0 = Release|Any CPU
		{B9C0BF22-4D8A-4BF4-89F9-E789C0063DEB}.Release|x64.ActiveCfg = Release|Any CPU
		{B9C0BF22-4D8A-4BF4-89F9-E789C0063DEB}.Release|x86.ActiveCfg = Release|Any CPU
		{ADADE971-75E3-40C4-8C19-AB7409372F2E}.Debug|Any CPU.ActiveCfg = Debug|Any CPU
		{ADADE971-75E3-40C4-8C19-AB7409372F2E}.Debug|Any CPU.Build.0 = Debug|Any CPU
		{ADADE971-75E3-40C4-8C19-AB7409372F2E}.Debug|x64.ActiveCfg = Debug|Any CPU
		{ADADE971-75E3-40C4-8C19-AB7409372F2E}.Debug|x86.ActiveCfg = Debug|Any CPU
		{ADADE971-75E3-40C4-8C19-AB7409372F2E}.Release|Any CPU.ActiveCfg = Release|Any CPU
		{ADADE971-75E3-40C4-8C19-AB7409372F2E}.Release|Any CPU.Build.0 = Release|Any CPU
		{ADADE971-75E3-40C4-8C19-AB7409372F2E}.Release|x64.ActiveCfg = Release|Any CPU
		{ADADE971-75E3-40C4-8C19-AB7409372F2E}.Release|x86.ActiveCfg = Release|Any CPU
		{E85E1253-86D6-45EE-968B-F37348D44132}.Debug|Any CPU.ActiveCfg = Debug|Any CPU
		{E85E1253-86D6-45EE-968B-F37348D44132}.Debug|Any CPU.Build.0 = Debug|Any CPU
		{E85E1253-86D6-45EE-968B-F37348D44132}.Debug|x64.ActiveCfg = Debug|Any CPU
		{E85E1253-86D6-45EE-968B-F37348D44132}.Debug|x86.ActiveCfg = Debug|Any CPU
		{E85E1253-86D6-45EE-968B-F37348D44132}.Release|Any CPU.ActiveCfg = Release|Any CPU
		{E85E1253-86D6-45EE-968B-F37348D44132}.Release|Any CPU.Build.0 = Release|Any CPU
		{E85E1253-86D6-45EE-968B-F37348D44132}.Release|x64.ActiveCfg = Release|Any CPU
		{E85E1253-86D6-45EE-968B-F37348D44132}.Release|x86.ActiveCfg = Release|Any CPU
		{40CC03E3-756C-4674-AF07-384115DEAEE2}.Debug|Any CPU.ActiveCfg = Debug|Any CPU
		{40CC03E3-756C-4674-AF07-384115DEAEE2}.Debug|Any CPU.Build.0 = Debug|Any CPU
		{40CC03E3-756C-4674-AF07-384115DEAEE2}.Debug|x64.ActiveCfg = Debug|Any CPU
		{40CC03E3-756C-4674-AF07-384115DEAEE2}.Debug|x64.Build.0 = Debug|Any CPU
		{40CC03E3-756C-4674-AF07-384115DEAEE2}.Debug|x86.ActiveCfg = Debug|Any CPU
		{40CC03E3-756C-4674-AF07-384115DEAEE2}.Debug|x86.Build.0 = Debug|Any CPU
		{40CC03E3-756C-4674-AF07-384115DEAEE2}.Release|Any CPU.ActiveCfg = Release|Any CPU
		{40CC03E3-756C-4674-AF07-384115DEAEE2}.Release|Any CPU.Build.0 = Release|Any CPU
		{40CC03E3-756C-4674-AF07-384115DEAEE2}.Release|x64.ActiveCfg = Release|Any CPU
		{40CC03E3-756C-4674-AF07-384115DEAEE2}.Release|x64.Build.0 = Release|Any CPU
		{40CC03E3-756C-4674-AF07-384115DEAEE2}.Release|x86.ActiveCfg = Release|Any CPU
		{40CC03E3-756C-4674-AF07-384115DEAEE2}.Release|x86.Build.0 = Release|Any CPU
		{DEF2FB9D-6E62-49D6-8E26-9983AC025768}.Debug|Any CPU.ActiveCfg = Debug|Any CPU
		{DEF2FB9D-6E62-49D6-8E26-9983AC025768}.Debug|Any CPU.Build.0 = Debug|Any CPU
		{DEF2FB9D-6E62-49D6-8E26-9983AC025768}.Debug|x64.ActiveCfg = Debug|Any CPU
		{DEF2FB9D-6E62-49D6-8E26-9983AC025768}.Debug|x64.Build.0 = Debug|Any CPU
		{DEF2FB9D-6E62-49D6-8E26-9983AC025768}.Debug|x86.ActiveCfg = Debug|Any CPU
		{DEF2FB9D-6E62-49D6-8E26-9983AC025768}.Debug|x86.Build.0 = Debug|Any CPU
		{DEF2FB9D-6E62-49D6-8E26-9983AC025768}.Release|Any CPU.ActiveCfg = Release|Any CPU
		{DEF2FB9D-6E62-49D6-8E26-9983AC025768}.Release|Any CPU.Build.0 = Release|Any CPU
		{DEF2FB9D-6E62-49D6-8E26-9983AC025768}.Release|x64.ActiveCfg = Release|Any CPU
		{DEF2FB9D-6E62-49D6-8E26-9983AC025768}.Release|x64.Build.0 = Release|Any CPU
		{DEF2FB9D-6E62-49D6-8E26-9983AC025768}.Release|x86.ActiveCfg = Release|Any CPU
		{DEF2FB9D-6E62-49D6-8E26-9983AC025768}.Release|x86.Build.0 = Release|Any CPU
		{E8AB5D93-2D0F-423D-BC15-5EE118673E48}.Debug|Any CPU.ActiveCfg = Debug|Any CPU
		{E8AB5D93-2D0F-423D-BC15-5EE118673E48}.Debug|Any CPU.Build.0 = Debug|Any CPU
		{E8AB5D93-2D0F-423D-BC15-5EE118673E48}.Debug|x64.ActiveCfg = Debug|Any CPU
		{E8AB5D93-2D0F-423D-BC15-5EE118673E48}.Debug|x64.Build.0 = Debug|Any CPU
		{E8AB5D93-2D0F-423D-BC15-5EE118673E48}.Debug|x86.ActiveCfg = Debug|Any CPU
		{E8AB5D93-2D0F-423D-BC15-5EE118673E48}.Debug|x86.Build.0 = Debug|Any CPU
		{E8AB5D93-2D0F-423D-BC15-5EE118673E48}.Release|Any CPU.ActiveCfg = Release|Any CPU
		{E8AB5D93-2D0F-423D-BC15-5EE118673E48}.Release|Any CPU.Build.0 = Release|Any CPU
		{E8AB5D93-2D0F-423D-BC15-5EE118673E48}.Release|x64.ActiveCfg = Release|Any CPU
		{E8AB5D93-2D0F-423D-BC15-5EE118673E48}.Release|x64.Build.0 = Release|Any CPU
		{E8AB5D93-2D0F-423D-BC15-5EE118673E48}.Release|x86.ActiveCfg = Release|Any CPU
		{E8AB5D93-2D0F-423D-BC15-5EE118673E48}.Release|x86.Build.0 = Release|Any CPU
		{A1587EAC-7B54-407E-853F-4C7493D0323E}.Debug|Any CPU.ActiveCfg = Debug|Any CPU
		{A1587EAC-7B54-407E-853F-4C7493D0323E}.Debug|Any CPU.Build.0 = Debug|Any CPU
		{A1587EAC-7B54-407E-853F-4C7493D0323E}.Debug|x64.ActiveCfg = Debug|Any CPU
		{A1587EAC-7B54-407E-853F-4C7493D0323E}.Debug|x64.Build.0 = Debug|Any CPU
		{A1587EAC-7B54-407E-853F-4C7493D0323E}.Debug|x86.ActiveCfg = Debug|Any CPU
		{A1587EAC-7B54-407E-853F-4C7493D0323E}.Debug|x86.Build.0 = Debug|Any CPU
		{A1587EAC-7B54-407E-853F-4C7493D0323E}.Release|Any CPU.ActiveCfg = Release|Any CPU
		{A1587EAC-7B54-407E-853F-4C7493D0323E}.Release|Any CPU.Build.0 = Release|Any CPU
		{A1587EAC-7B54-407E-853F-4C7493D0323E}.Release|x64.ActiveCfg = Release|Any CPU
		{A1587EAC-7B54-407E-853F-4C7493D0323E}.Release|x64.Build.0 = Release|Any CPU
		{A1587EAC-7B54-407E-853F-4C7493D0323E}.Release|x86.ActiveCfg = Release|Any CPU
		{A1587EAC-7B54-407E-853F-4C7493D0323E}.Release|x86.Build.0 = Release|Any CPU
		{4B9BD3FE-DDC8-4842-BC3D-B8EF43011F0C}.Debug|Any CPU.ActiveCfg = Debug|Any CPU
		{4B9BD3FE-DDC8-4842-BC3D-B8EF43011F0C}.Debug|Any CPU.Build.0 = Debug|Any CPU
		{4B9BD3FE-DDC8-4842-BC3D-B8EF43011F0C}.Debug|x64.ActiveCfg = Debug|Any CPU
		{4B9BD3FE-DDC8-4842-BC3D-B8EF43011F0C}.Debug|x64.Build.0 = Debug|Any CPU
		{4B9BD3FE-DDC8-4842-BC3D-B8EF43011F0C}.Debug|x86.ActiveCfg = Debug|Any CPU
		{4B9BD3FE-DDC8-4842-BC3D-B8EF43011F0C}.Debug|x86.Build.0 = Debug|Any CPU
		{4B9BD3FE-DDC8-4842-BC3D-B8EF43011F0C}.Release|Any CPU.ActiveCfg = Release|Any CPU
		{4B9BD3FE-DDC8-4842-BC3D-B8EF43011F0C}.Release|Any CPU.Build.0 = Release|Any CPU
		{4B9BD3FE-DDC8-4842-BC3D-B8EF43011F0C}.Release|x64.ActiveCfg = Release|Any CPU
		{4B9BD3FE-DDC8-4842-BC3D-B8EF43011F0C}.Release|x64.Build.0 = Release|Any CPU
		{4B9BD3FE-DDC8-4842-BC3D-B8EF43011F0C}.Release|x86.ActiveCfg = Release|Any CPU
		{4B9BD3FE-DDC8-4842-BC3D-B8EF43011F0C}.Release|x86.Build.0 = Release|Any CPU
		{5D683117-21F1-4A01-A0C7-6AE6F30A16A7}.Debug|Any CPU.ActiveCfg = Debug|Any CPU
		{5D683117-21F1-4A01-A0C7-6AE6F30A16A7}.Debug|Any CPU.Build.0 = Debug|Any CPU
		{5D683117-21F1-4A01-A0C7-6AE6F30A16A7}.Debug|x64.ActiveCfg = Debug|Any CPU
		{5D683117-21F1-4A01-A0C7-6AE6F30A16A7}.Debug|x64.Build.0 = Debug|Any CPU
		{5D683117-21F1-4A01-A0C7-6AE6F30A16A7}.Debug|x86.ActiveCfg = Debug|Any CPU
		{5D683117-21F1-4A01-A0C7-6AE6F30A16A7}.Debug|x86.Build.0 = Debug|Any CPU
		{5D683117-21F1-4A01-A0C7-6AE6F30A16A7}.Release|Any CPU.ActiveCfg = Release|Any CPU
		{5D683117-21F1-4A01-A0C7-6AE6F30A16A7}.Release|Any CPU.Build.0 = Release|Any CPU
		{5D683117-21F1-4A01-A0C7-6AE6F30A16A7}.Release|x64.ActiveCfg = Release|Any CPU
		{5D683117-21F1-4A01-A0C7-6AE6F30A16A7}.Release|x64.Build.0 = Release|Any CPU
		{5D683117-21F1-4A01-A0C7-6AE6F30A16A7}.Release|x86.ActiveCfg = Release|Any CPU
		{5D683117-21F1-4A01-A0C7-6AE6F30A16A7}.Release|x86.Build.0 = Release|Any CPU
		{D488071E-EDCB-4601-B734-1A3109ED903C}.Debug|Any CPU.ActiveCfg = Debug|Any CPU
		{D488071E-EDCB-4601-B734-1A3109ED903C}.Debug|Any CPU.Build.0 = Debug|Any CPU
		{D488071E-EDCB-4601-B734-1A3109ED903C}.Debug|x64.ActiveCfg = Debug|Any CPU
		{D488071E-EDCB-4601-B734-1A3109ED903C}.Debug|x64.Build.0 = Debug|Any CPU
		{D488071E-EDCB-4601-B734-1A3109ED903C}.Debug|x86.ActiveCfg = Debug|Any CPU
		{D488071E-EDCB-4601-B734-1A3109ED903C}.Debug|x86.Build.0 = Debug|Any CPU
		{D488071E-EDCB-4601-B734-1A3109ED903C}.Release|Any CPU.ActiveCfg = Release|Any CPU
		{D488071E-EDCB-4601-B734-1A3109ED903C}.Release|Any CPU.Build.0 = Release|Any CPU
		{D488071E-EDCB-4601-B734-1A3109ED903C}.Release|x64.ActiveCfg = Release|Any CPU
		{D488071E-EDCB-4601-B734-1A3109ED903C}.Release|x64.Build.0 = Release|Any CPU
		{D488071E-EDCB-4601-B734-1A3109ED903C}.Release|x86.ActiveCfg = Release|Any CPU
		{D488071E-EDCB-4601-B734-1A3109ED903C}.Release|x86.Build.0 = Release|Any CPU
		{1B84B387-F7C4-4876-9BDF-C644C365359A}.Debug|Any CPU.ActiveCfg = Debug|Any CPU
		{1B84B387-F7C4-4876-9BDF-C644C365359A}.Debug|Any CPU.Build.0 = Debug|Any CPU
		{1B84B387-F7C4-4876-9BDF-C644C365359A}.Debug|x64.ActiveCfg = Debug|Any CPU
		{1B84B387-F7C4-4876-9BDF-C644C365359A}.Debug|x64.Build.0 = Debug|Any CPU
		{1B84B387-F7C4-4876-9BDF-C644C365359A}.Debug|x86.ActiveCfg = Debug|Any CPU
		{1B84B387-F7C4-4876-9BDF-C644C365359A}.Debug|x86.Build.0 = Debug|Any CPU
		{1B84B387-F7C4-4876-9BDF-C644C365359A}.Release|Any CPU.ActiveCfg = Release|Any CPU
		{1B84B387-F7C4-4876-9BDF-C644C365359A}.Release|Any CPU.Build.0 = Release|Any CPU
		{1B84B387-F7C4-4876-9BDF-C644C365359A}.Release|x64.ActiveCfg = Release|Any CPU
		{1B84B387-F7C4-4876-9BDF-C644C365359A}.Release|x64.Build.0 = Release|Any CPU
		{1B84B387-F7C4-4876-9BDF-C644C365359A}.Release|x86.ActiveCfg = Release|Any CPU
		{1B84B387-F7C4-4876-9BDF-C644C365359A}.Release|x86.Build.0 = Release|Any CPU
		{D4B6A510-14E1-420A-A8D5-6A09890FD7D8}.Debug|Any CPU.ActiveCfg = Debug|Any CPU
		{D4B6A510-14E1-420A-A8D5-6A09890FD7D8}.Debug|Any CPU.Build.0 = Debug|Any CPU
		{D4B6A510-14E1-420A-A8D5-6A09890FD7D8}.Debug|x64.ActiveCfg = Debug|Any CPU
		{D4B6A510-14E1-420A-A8D5-6A09890FD7D8}.Debug|x64.Build.0 = Debug|Any CPU
		{D4B6A510-14E1-420A-A8D5-6A09890FD7D8}.Debug|x86.ActiveCfg = Debug|Any CPU
		{D4B6A510-14E1-420A-A8D5-6A09890FD7D8}.Debug|x86.Build.0 = Debug|Any CPU
		{D4B6A510-14E1-420A-A8D5-6A09890FD7D8}.Release|Any CPU.ActiveCfg = Release|Any CPU
		{D4B6A510-14E1-420A-A8D5-6A09890FD7D8}.Release|Any CPU.Build.0 = Release|Any CPU
		{D4B6A510-14E1-420A-A8D5-6A09890FD7D8}.Release|x64.ActiveCfg = Release|Any CPU
		{D4B6A510-14E1-420A-A8D5-6A09890FD7D8}.Release|x64.Build.0 = Release|Any CPU
		{D4B6A510-14E1-420A-A8D5-6A09890FD7D8}.Release|x86.ActiveCfg = Release|Any CPU
		{D4B6A510-14E1-420A-A8D5-6A09890FD7D8}.Release|x86.Build.0 = Release|Any CPU
		{AC54B7FB-170D-4DA6-A30B-8CAD182F0E6B}.Debug|Any CPU.ActiveCfg = Debug|Any CPU
		{AC54B7FB-170D-4DA6-A30B-8CAD182F0E6B}.Debug|Any CPU.Build.0 = Debug|Any CPU
		{AC54B7FB-170D-4DA6-A30B-8CAD182F0E6B}.Debug|x64.ActiveCfg = Debug|Any CPU
		{AC54B7FB-170D-4DA6-A30B-8CAD182F0E6B}.Debug|x64.Build.0 = Debug|Any CPU
		{AC54B7FB-170D-4DA6-A30B-8CAD182F0E6B}.Debug|x86.ActiveCfg = Debug|Any CPU
		{AC54B7FB-170D-4DA6-A30B-8CAD182F0E6B}.Debug|x86.Build.0 = Debug|Any CPU
		{AC54B7FB-170D-4DA6-A30B-8CAD182F0E6B}.Release|Any CPU.ActiveCfg = Release|Any CPU
		{AC54B7FB-170D-4DA6-A30B-8CAD182F0E6B}.Release|Any CPU.Build.0 = Release|Any CPU
		{AC54B7FB-170D-4DA6-A30B-8CAD182F0E6B}.Release|x64.ActiveCfg = Release|Any CPU
		{AC54B7FB-170D-4DA6-A30B-8CAD182F0E6B}.Release|x64.Build.0 = Release|Any CPU
		{AC54B7FB-170D-4DA6-A30B-8CAD182F0E6B}.Release|x86.ActiveCfg = Release|Any CPU
		{AC54B7FB-170D-4DA6-A30B-8CAD182F0E6B}.Release|x86.Build.0 = Release|Any CPU
		{68F55404-32CA-4414-96B8-E284F3B1F846}.Debug|Any CPU.ActiveCfg = Debug|Any CPU
		{68F55404-32CA-4414-96B8-E284F3B1F846}.Debug|Any CPU.Build.0 = Debug|Any CPU
		{68F55404-32CA-4414-96B8-E284F3B1F846}.Debug|x64.ActiveCfg = Debug|Any CPU
		{68F55404-32CA-4414-96B8-E284F3B1F846}.Debug|x64.Build.0 = Debug|Any CPU
		{68F55404-32CA-4414-96B8-E284F3B1F846}.Debug|x86.ActiveCfg = Debug|Any CPU
		{68F55404-32CA-4414-96B8-E284F3B1F846}.Debug|x86.Build.0 = Debug|Any CPU
		{68F55404-32CA-4414-96B8-E284F3B1F846}.Release|Any CPU.ActiveCfg = Release|Any CPU
		{68F55404-32CA-4414-96B8-E284F3B1F846}.Release|Any CPU.Build.0 = Release|Any CPU
		{68F55404-32CA-4414-96B8-E284F3B1F846}.Release|x64.ActiveCfg = Release|Any CPU
		{68F55404-32CA-4414-96B8-E284F3B1F846}.Release|x64.Build.0 = Release|Any CPU
		{68F55404-32CA-4414-96B8-E284F3B1F846}.Release|x86.ActiveCfg = Release|Any CPU
		{68F55404-32CA-4414-96B8-E284F3B1F846}.Release|x86.Build.0 = Release|Any CPU
		{D7A3F7A3-BD90-4845-B098-AC3AFBF0E16F}.Debug|Any CPU.ActiveCfg = Debug|Any CPU
		{D7A3F7A3-BD90-4845-B098-AC3AFBF0E16F}.Debug|Any CPU.Build.0 = Debug|Any CPU
		{D7A3F7A3-BD90-4845-B098-AC3AFBF0E16F}.Debug|x64.ActiveCfg = Debug|Any CPU
		{D7A3F7A3-BD90-4845-B098-AC3AFBF0E16F}.Debug|x64.Build.0 = Debug|Any CPU
		{D7A3F7A3-BD90-4845-B098-AC3AFBF0E16F}.Debug|x86.ActiveCfg = Debug|Any CPU
		{D7A3F7A3-BD90-4845-B098-AC3AFBF0E16F}.Debug|x86.Build.0 = Debug|Any CPU
		{D7A3F7A3-BD90-4845-B098-AC3AFBF0E16F}.Release|Any CPU.ActiveCfg = Release|Any CPU
		{D7A3F7A3-BD90-4845-B098-AC3AFBF0E16F}.Release|Any CPU.Build.0 = Release|Any CPU
		{D7A3F7A3-BD90-4845-B098-AC3AFBF0E16F}.Release|x64.ActiveCfg = Release|Any CPU
		{D7A3F7A3-BD90-4845-B098-AC3AFBF0E16F}.Release|x64.Build.0 = Release|Any CPU
		{D7A3F7A3-BD90-4845-B098-AC3AFBF0E16F}.Release|x86.ActiveCfg = Release|Any CPU
		{D7A3F7A3-BD90-4845-B098-AC3AFBF0E16F}.Release|x86.Build.0 = Release|Any CPU
	EndGlobalSection
	GlobalSection(SolutionProperties) = preSolution
		HideSolutionNode = FALSE
	EndGlobalSection
	GlobalSection(ExtensibilityGlobals) = postSolution
		SolutionGuid = {A069571E-4D4C-4F49-9A64-51B5AA4BB4CB}
	EndGlobalSection
EndGlobal
